// !$*UTF8*$!
{
	archiveVersion = 1;
	classes = {
	};
	objectVersion = 46;
	objects = {

/* Begin PBXBuildFile section */
		3E56F35C1E7BB9B700694949 /* UHomeViewController.m in Sources */ = {isa = PBXBuildFile; fileRef = 3E56F3581E7BB9B700694949 /* UHomeViewController.m */; };
		3E56F35D1E7BB9B700694949 /* USearchWiFiViewController.m in Sources */ = {isa = PBXBuildFile; fileRef = 3E56F35A1E7BB9B700694949 /* USearchWiFiViewController.m */; };
		3EDC40141E7F74F1001700CA /* UBaseViewController.m in Sources */ = {isa = PBXBuildFile; fileRef = 3EDC40131E7F74F0001700CA /* UBaseViewController.m */; };
		3EDC40171E7F75E6001700CA /* UWiFiPwdViewController.m in Sources */ = {isa = PBXBuildFile; fileRef = 3EDC40161E7F75E6001700CA /* UWiFiPwdViewController.m */; };
		3EDC401A1E7FA648001700CA /* URouterConfig.m in Sources */ = {isa = PBXBuildFile; fileRef = 3EDC40191E7FA648001700CA /* URouterConfig.m */; };
		3EDC401D1E7FA7D6001700CA /* URouter.m in Sources */ = {isa = PBXBuildFile; fileRef = 3EDC401C1E7FA7D6001700CA /* URouter.m */; };
		3EDC405D1E821F37001700CA /* UWiFiSearchResultCell.m in Sources */ = {isa = PBXBuildFile; fileRef = 3EDC405C1E821F37001700CA /* UWiFiSearchResultCell.m */; };
		3EDC40641E822C4E001700CA /* Utils.m in Sources */ = {isa = PBXBuildFile; fileRef = 3EDC40631E822C4E001700CA /* Utils.m */; };
		657C4EEC1E822E3E00ED8218 /* Config.plist in Resources */ = {isa = PBXBuildFile; fileRef = 657C4EEB1E822E3E00ED8218 /* Config.plist */; };
		65A127271E778F880097082F /* main.m in Sources */ = {isa = PBXBuildFile; fileRef = 65A127261E778F880097082F /* main.m */; };
		65A1272A1E778F880097082F /* AppDelegate.m in Sources */ = {isa = PBXBuildFile; fileRef = 65A127291E778F880097082F /* AppDelegate.m */; };
		65A127321E778F880097082F /* Assets.xcassets in Resources */ = {isa = PBXBuildFile; fileRef = 65A127311E778F880097082F /* Assets.xcassets */; };
		65A127351E778F880097082F /* LaunchScreen.storyboard in Resources */ = {isa = PBXBuildFile; fileRef = 65A127331E778F880097082F /* LaunchScreen.storyboard */; };
		65A127401E778F890097082F /* OpenwrtUtilsTests.m in Sources */ = {isa = PBXBuildFile; fileRef = 65A1273F1E778F890097082F /* OpenwrtUtilsTests.m */; };
		65AAE4A71E78DC0800C019CA /* libAFNetworking.a in Frameworks */ = {isa = PBXBuildFile; fileRef = 65AAE4A61E78DC0800C019CA /* libAFNetworking.a */; };
		65AAE4B01E791EC200C019CA /* UBus.m in Sources */ = {isa = PBXBuildFile; fileRef = 65AAE4AF1E791EC200C019CA /* UBus.m */; };
		D85BC4453565E284D6762AB6 /* libPods-OpenwrtUtils.a in Frameworks */ = {isa = PBXBuildFile; fileRef = F99A6B209A3E4CF3D2340A5C /* libPods-OpenwrtUtils.a */; };
/* End PBXBuildFile section */

/* Begin PBXContainerItemProxy section */
		65A1273C1E778F890097082F /* PBXContainerItemProxy */ = {
			isa = PBXContainerItemProxy;
			containerPortal = 65A1271A1E778F880097082F /* Project object */;
			proxyType = 1;
			remoteGlobalIDString = 65A127211E778F880097082F;
			remoteInfo = OpenwrtUtils;
		};
/* End PBXContainerItemProxy section */

/* Begin PBXFileReference section */
		03AF1138173C4FB82EA085FD /* Pods-OpenwrtUtils.debug.xcconfig */ = {isa = PBXFileReference; includeInIndex = 1; lastKnownFileType = text.xcconfig; name = "Pods-OpenwrtUtils.debug.xcconfig"; path = "Pods/Target Support Files/Pods-OpenwrtUtils/Pods-OpenwrtUtils.debug.xcconfig"; sourceTree = "<group>"; };
		21AC1C9BD45D423C6F4B4763 /* Pods-OpenwrtUtils.release.xcconfig */ = {isa = PBXFileReference; includeInIndex = 1; lastKnownFileType = text.xcconfig; name = "Pods-OpenwrtUtils.release.xcconfig"; path = "Pods/Target Support Files/Pods-OpenwrtUtils/Pods-OpenwrtUtils.release.xcconfig"; sourceTree = "<group>"; };
		3E56F3571E7BB9B700694949 /* UHomeViewController.h */ = {isa = PBXFileReference; fileEncoding = 4; lastKnownFileType = sourcecode.c.h; path = UHomeViewController.h; sourceTree = "<group>"; };
		3E56F3581E7BB9B700694949 /* UHomeViewController.m */ = {isa = PBXFileReference; fileEncoding = 4; lastKnownFileType = sourcecode.c.objc; path = UHomeViewController.m; sourceTree = "<group>"; };
		3E56F3591E7BB9B700694949 /* USearchWiFiViewController.h */ = {isa = PBXFileReference; fileEncoding = 4; lastKnownFileType = sourcecode.c.h; path = USearchWiFiViewController.h; sourceTree = "<group>"; };
		3E56F35A1E7BB9B700694949 /* USearchWiFiViewController.m */ = {isa = PBXFileReference; fileEncoding = 4; lastKnownFileType = sourcecode.c.objc; path = USearchWiFiViewController.m; sourceTree = "<group>"; };
		3E56F35E1E7BBCCB00694949 /* OpenwrtUtilsPrefixHeader.pch */ = {isa = PBXFileReference; fileEncoding = 4; lastKnownFileType = sourcecode.c.h; path = OpenwrtUtilsPrefixHeader.pch; sourceTree = "<group>"; };
		3EDC40121E7F74F0001700CA /* UBaseViewController.h */ = {isa = PBXFileReference; fileEncoding = 4; lastKnownFileType = sourcecode.c.h; path = UBaseViewController.h; sourceTree = "<group>"; };
		3EDC40131E7F74F0001700CA /* UBaseViewController.m */ = {isa = PBXFileReference; fileEncoding = 4; lastKnownFileType = sourcecode.c.objc; path = UBaseViewController.m; sourceTree = "<group>"; };
		3EDC40151E7F75E6001700CA /* UWiFiPwdViewController.h */ = {isa = PBXFileReference; fileEncoding = 4; lastKnownFileType = sourcecode.c.h; path = UWiFiPwdViewController.h; sourceTree = "<group>"; };
		3EDC40161E7F75E6001700CA /* UWiFiPwdViewController.m */ = {isa = PBXFileReference; fileEncoding = 4; lastKnownFileType = sourcecode.c.objc; path = UWiFiPwdViewController.m; sourceTree = "<group>"; };
		3EDC40181E7FA648001700CA /* URouterConfig.h */ = {isa = PBXFileReference; fileEncoding = 4; lastKnownFileType = sourcecode.c.h; path = URouterConfig.h; sourceTree = "<group>"; };
		3EDC40191E7FA648001700CA /* URouterConfig.m */ = {isa = PBXFileReference; fileEncoding = 4; lastKnownFileType = sourcecode.c.objc; path = URouterConfig.m; sourceTree = "<group>"; };
		3EDC401B1E7FA7D6001700CA /* URouter.h */ = {isa = PBXFileReference; fileEncoding = 4; lastKnownFileType = sourcecode.c.h; path = URouter.h; sourceTree = "<group>"; };
		3EDC401C1E7FA7D6001700CA /* URouter.m */ = {isa = PBXFileReference; fileEncoding = 4; lastKnownFileType = sourcecode.c.objc; path = URouter.m; sourceTree = "<group>"; };
		3EDC405B1E821F37001700CA /* UWiFiSearchResultCell.h */ = {isa = PBXFileReference; fileEncoding = 4; lastKnownFileType = sourcecode.c.h; path = UWiFiSearchResultCell.h; sourceTree = "<group>"; };
		3EDC405C1E821F37001700CA /* UWiFiSearchResultCell.m */ = {isa = PBXFileReference; fileEncoding = 4; lastKnownFileType = sourcecode.c.objc; path = UWiFiSearchResultCell.m; sourceTree = "<group>"; };
		3EDC40601E822995001700CA /* Constant.h */ = {isa = PBXFileReference; fileEncoding = 4; lastKnownFileType = sourcecode.c.h; path = Constant.h; sourceTree = "<group>"; };
		3EDC40621E822C4E001700CA /* Utils.h */ = {isa = PBXFileReference; fileEncoding = 4; lastKnownFileType = sourcecode.c.h; path = Utils.h; sourceTree = "<group>"; };
		3EDC40631E822C4E001700CA /* Utils.m */ = {isa = PBXFileReference; fileEncoding = 4; lastKnownFileType = sourcecode.c.objc; path = Utils.m; sourceTree = "<group>"; };
		657C4EEB1E822E3E00ED8218 /* Config.plist */ = {isa = PBXFileReference; fileEncoding = 4; lastKnownFileType = text.plist.xml; path = Config.plist; sourceTree = "<group>"; };
		65A127221E778F880097082F /* OpenwrtUtils.app */ = {isa = PBXFileReference; explicitFileType = wrapper.application; includeInIndex = 0; path = OpenwrtUtils.app; sourceTree = BUILT_PRODUCTS_DIR; };
		65A127261E778F880097082F /* main.m */ = {isa = PBXFileReference; lastKnownFileType = sourcecode.c.objc; path = main.m; sourceTree = "<group>"; };
		65A127281E778F880097082F /* AppDelegate.h */ = {isa = PBXFileReference; lastKnownFileType = sourcecode.c.h; path = AppDelegate.h; sourceTree = "<group>"; };
		65A127291E778F880097082F /* AppDelegate.m */ = {isa = PBXFileReference; lastKnownFileType = sourcecode.c.objc; path = AppDelegate.m; sourceTree = "<group>"; };
		65A127311E778F880097082F /* Assets.xcassets */ = {isa = PBXFileReference; lastKnownFileType = folder.assetcatalog; path = Assets.xcassets; sourceTree = "<group>"; };
		65A127341E778F880097082F /* Base */ = {isa = PBXFileReference; lastKnownFileType = file.storyboard; name = Base; path = Base.lproj/LaunchScreen.storyboard; sourceTree = "<group>"; };
		65A127361E778F880097082F /* Info.plist */ = {isa = PBXFileReference; lastKnownFileType = text.plist.xml; path = Info.plist; sourceTree = "<group>"; };
		65A1273B1E778F890097082F /* OpenwrtUtilsTests.xctest */ = {isa = PBXFileReference; explicitFileType = wrapper.cfbundle; includeInIndex = 0; path = OpenwrtUtilsTests.xctest; sourceTree = BUILT_PRODUCTS_DIR; };
		65A1273F1E778F890097082F /* OpenwrtUtilsTests.m */ = {isa = PBXFileReference; lastKnownFileType = sourcecode.c.objc; path = OpenwrtUtilsTests.m; sourceTree = "<group>"; };
		65A127411E778F890097082F /* Info.plist */ = {isa = PBXFileReference; lastKnownFileType = text.plist.xml; path = Info.plist; sourceTree = "<group>"; };
		65AAE4A61E78DC0800C019CA /* libAFNetworking.a */ = {isa = PBXFileReference; lastKnownFileType = archive.ar; name = libAFNetworking.a; path = "Pods/../build/Debug-iphoneos/AFNetworking/libAFNetworking.a"; sourceTree = "<group>"; };
		65AAE4AE1E791EC200C019CA /* UBus.h */ = {isa = PBXFileReference; fileEncoding = 4; lastKnownFileType = sourcecode.c.h; path = UBus.h; sourceTree = "<group>"; };
		65AAE4AF1E791EC200C019CA /* UBus.m */ = {isa = PBXFileReference; fileEncoding = 4; lastKnownFileType = sourcecode.c.objc; path = UBus.m; sourceTree = "<group>"; };
		F99A6B209A3E4CF3D2340A5C /* libPods-OpenwrtUtils.a */ = {isa = PBXFileReference; explicitFileType = archive.ar; includeInIndex = 0; path = "libPods-OpenwrtUtils.a"; sourceTree = BUILT_PRODUCTS_DIR; };
/* End PBXFileReference section */

/* Begin PBXFrameworksBuildPhase section */
		65A1271F1E778F880097082F /* Frameworks */ = {
			isa = PBXFrameworksBuildPhase;
			buildActionMask = 2147483647;
			files = (
				65AAE4A71E78DC0800C019CA /* libAFNetworking.a in Frameworks */,
				D85BC4453565E284D6762AB6 /* libPods-OpenwrtUtils.a in Frameworks */,
			);
			runOnlyForDeploymentPostprocessing = 0;
		};
		65A127381E778F890097082F /* Frameworks */ = {
			isa = PBXFrameworksBuildPhase;
			buildActionMask = 2147483647;
			files = (
			);
			runOnlyForDeploymentPostprocessing = 0;
		};
/* End PBXFrameworksBuildPhase section */

/* Begin PBXGroup section */
		3E56F3561E7BB9B700694949 /* controllers */ = {
			isa = PBXGroup;
			children = (
				3EDC40121E7F74F0001700CA /* UBaseViewController.h */,
				3EDC40131E7F74F0001700CA /* UBaseViewController.m */,
				3E56F3571E7BB9B700694949 /* UHomeViewController.h */,
				3E56F3581E7BB9B700694949 /* UHomeViewController.m */,
				3E56F3591E7BB9B700694949 /* USearchWiFiViewController.h */,
				3E56F35A1E7BB9B700694949 /* USearchWiFiViewController.m */,
				3EDC405B1E821F37001700CA /* UWiFiSearchResultCell.h */,
				3EDC405C1E821F37001700CA /* UWiFiSearchResultCell.m */,
				3EDC40151E7F75E6001700CA /* UWiFiPwdViewController.h */,
				3EDC40161E7F75E6001700CA /* UWiFiPwdViewController.m */,
			);
			path = controllers;
			sourceTree = "<group>";
		};
		3E56F35B1E7BB9B700694949 /* managers */ = {
			isa = PBXGroup;
			children = (
				3EDC40181E7FA648001700CA /* URouterConfig.h */,
				3EDC40191E7FA648001700CA /* URouterConfig.m */,
				3EDC401B1E7FA7D6001700CA /* URouter.h */,
				3EDC401C1E7FA7D6001700CA /* URouter.m */,
			);
			path = managers;
			sourceTree = "<group>";
		};
		3EDC405E1E822901001700CA /* define */ = {
			isa = PBXGroup;
			children = (
				3EDC40601E822995001700CA /* Constant.h */,
			);
			path = define;
			sourceTree = "<group>";
		};
		3EDC40611E822C4E001700CA /* utils */ = {
			isa = PBXGroup;
			children = (
				3EDC40621E822C4E001700CA /* Utils.h */,
				3EDC40631E822C4E001700CA /* Utils.m */,
			);
			path = utils;
			sourceTree = "<group>";
		};
		65A127191E778F880097082F = {
			isa = PBXGroup;
			children = (
				65A127241E778F880097082F /* OpenwrtUtils */,
				65A1273E1E778F890097082F /* OpenwrtUtilsTests */,
				65A127231E778F880097082F /* Products */,
				E283FFEE4F86B10227900FEC /* Pods */,
				F990227A1818D11F5A64995E /* Frameworks */,
			);
			sourceTree = "<group>";
		};
		65A127231E778F880097082F /* Products */ = {
			isa = PBXGroup;
			children = (
				65A127221E778F880097082F /* OpenwrtUtils.app */,
				65A1273B1E778F890097082F /* OpenwrtUtilsTests.xctest */,
			);
			name = Products;
			sourceTree = "<group>";
		};
		65A127241E778F880097082F /* OpenwrtUtils */ = {
			isa = PBXGroup;
			children = (
				3EDC40611E822C4E001700CA /* utils */,
				3EDC405E1E822901001700CA /* define */,
				3E56F3561E7BB9B700694949 /* controllers */,
				3E56F35B1E7BB9B700694949 /* managers */,
				65AAE4AD1E791EC200C019CA /* vocore */,
				65A127281E778F880097082F /* AppDelegate.h */,
				65A127291E778F880097082F /* AppDelegate.m */,
				65A127311E778F880097082F /* Assets.xcassets */,
				65A127331E778F880097082F /* LaunchScreen.storyboard */,
				65A127361E778F880097082F /* Info.plist */,
				65A127251E778F880097082F /* Supporting Files */,
				657C4EEB1E822E3E00ED8218 /* Config.plist */,
			);
			path = OpenwrtUtils;
			sourceTree = "<group>";
		};
		65A127251E778F880097082F /* Supporting Files */ = {
			isa = PBXGroup;
			children = (
				65A127261E778F880097082F /* main.m */,
				3E56F35E1E7BBCCB00694949 /* OpenwrtUtilsPrefixHeader.pch */,
			);
			name = "Supporting Files";
			sourceTree = "<group>";
		};
		65A1273E1E778F890097082F /* OpenwrtUtilsTests */ = {
			isa = PBXGroup;
			children = (
				65A1273F1E778F890097082F /* OpenwrtUtilsTests.m */,
				65A127411E778F890097082F /* Info.plist */,
			);
			path = OpenwrtUtilsTests;
			sourceTree = "<group>";
		};
		65AAE4AD1E791EC200C019CA /* vocore */ = {
			isa = PBXGroup;
			children = (
				65AAE4AE1E791EC200C019CA /* UBus.h */,
				65AAE4AF1E791EC200C019CA /* UBus.m */,
			);
			path = vocore;
			sourceTree = "<group>";
		};
		E283FFEE4F86B10227900FEC /* Pods */ = {
			isa = PBXGroup;
			children = (
				03AF1138173C4FB82EA085FD /* Pods-OpenwrtUtils.debug.xcconfig */,
				21AC1C9BD45D423C6F4B4763 /* Pods-OpenwrtUtils.release.xcconfig */,
			);
			name = Pods;
			sourceTree = "<group>";
		};
		F990227A1818D11F5A64995E /* Frameworks */ = {
			isa = PBXGroup;
			children = (
				65AAE4A61E78DC0800C019CA /* libAFNetworking.a */,
				F99A6B209A3E4CF3D2340A5C /* libPods-OpenwrtUtils.a */,
			);
			name = Frameworks;
			sourceTree = "<group>";
		};
/* End PBXGroup section */

/* Begin PBXNativeTarget section */
		65A127211E778F880097082F /* OpenwrtUtils */ = {
			isa = PBXNativeTarget;
			buildConfigurationList = 65A127441E778F890097082F /* Build configuration list for PBXNativeTarget "OpenwrtUtils" */;
			buildPhases = (
				CC36F812D071FCC48674276C /* [CP] Check Pods Manifest.lock */,
				65A1271E1E778F880097082F /* Sources */,
				65A1271F1E778F880097082F /* Frameworks */,
				65A127201E778F880097082F /* Resources */,
				82595759D10FA519A168E11C /* [CP] Embed Pods Frameworks */,
				3A791F0637CE8C849D053ED8 /* [CP] Copy Pods Resources */,
			);
			buildRules = (
			);
			dependencies = (
			);
			name = OpenwrtUtils;
			productName = OpenwrtUtils;
			productReference = 65A127221E778F880097082F /* OpenwrtUtils.app */;
			productType = "com.apple.product-type.application";
		};
		65A1273A1E778F890097082F /* OpenwrtUtilsTests */ = {
			isa = PBXNativeTarget;
			buildConfigurationList = 65A127471E778F890097082F /* Build configuration list for PBXNativeTarget "OpenwrtUtilsTests" */;
			buildPhases = (
				65A127371E778F890097082F /* Sources */,
				65A127381E778F890097082F /* Frameworks */,
				65A127391E778F890097082F /* Resources */,
			);
			buildRules = (
			);
			dependencies = (
				65A1273D1E778F890097082F /* PBXTargetDependency */,
			);
			name = OpenwrtUtilsTests;
			productName = OpenwrtUtilsTests;
			productReference = 65A1273B1E778F890097082F /* OpenwrtUtilsTests.xctest */;
			productType = "com.apple.product-type.bundle.unit-test";
		};
/* End PBXNativeTarget section */

/* Begin PBXProject section */
		65A1271A1E778F880097082F /* Project object */ = {
			isa = PBXProject;
			attributes = {
				LastUpgradeCheck = 0820;
				ORGANIZATIONNAME = "陈鼎星";
				TargetAttributes = {
					65A127211E778F880097082F = {
						CreatedOnToolsVersion = 8.2.1;
						DevelopmentTeam = FQZ2R3UT9T;
						ProvisioningStyle = Automatic;
					};
					65A1273A1E778F890097082F = {
						CreatedOnToolsVersion = 8.2.1;
						DevelopmentTeam = FQZ2R3UT9T;
						ProvisioningStyle = Automatic;
						TestTargetID = 65A127211E778F880097082F;
					};
				};
			};
			buildConfigurationList = 65A1271D1E778F880097082F /* Build configuration list for PBXProject "OpenwrtUtils" */;
			compatibilityVersion = "Xcode 3.2";
			developmentRegion = English;
			hasScannedForEncodings = 0;
			knownRegions = (
				en,
				Base,
			);
			mainGroup = 65A127191E778F880097082F;
			productRefGroup = 65A127231E778F880097082F /* Products */;
			projectDirPath = "";
			projectRoot = "";
			targets = (
				65A127211E778F880097082F /* OpenwrtUtils */,
				65A1273A1E778F890097082F /* OpenwrtUtilsTests */,
			);
		};
/* End PBXProject section */

/* Begin PBXResourcesBuildPhase section */
		65A127201E778F880097082F /* Resources */ = {
			isa = PBXResourcesBuildPhase;
			buildActionMask = 2147483647;
			files = (
				65A127351E778F880097082F /* LaunchScreen.storyboard in Resources */,
				657C4EEC1E822E3E00ED8218 /* Config.plist in Resources */,
				65A127321E778F880097082F /* Assets.xcassets in Resources */,
			);
			runOnlyForDeploymentPostprocessing = 0;
		};
		65A127391E778F890097082F /* Resources */ = {
			isa = PBXResourcesBuildPhase;
			buildActionMask = 2147483647;
			files = (
			);
			runOnlyForDeploymentPostprocessing = 0;
		};
/* End PBXResourcesBuildPhase section */

/* Begin PBXShellScriptBuildPhase section */
		3A791F0637CE8C849D053ED8 /* [CP] Copy Pods Resources */ = {
			isa = PBXShellScriptBuildPhase;
			buildActionMask = 2147483647;
			files = (
			);
			inputPaths = (
			);
			name = "[CP] Copy Pods Resources";
			outputPaths = (
			);
			runOnlyForDeploymentPostprocessing = 0;
			shellPath = /bin/sh;
			shellScript = "\"${SRCROOT}/Pods/Target Support Files/Pods-OpenwrtUtils/Pods-OpenwrtUtils-resources.sh\"\n";
			showEnvVarsInLog = 0;
		};
		82595759D10FA519A168E11C /* [CP] Embed Pods Frameworks */ = {
			isa = PBXShellScriptBuildPhase;
			buildActionMask = 2147483647;
			files = (
			);
			inputPaths = (
			);
			name = "[CP] Embed Pods Frameworks";
			outputPaths = (
			);
			runOnlyForDeploymentPostprocessing = 0;
			shellPath = /bin/sh;
			shellScript = "\"${SRCROOT}/Pods/Target Support Files/Pods-OpenwrtUtils/Pods-OpenwrtUtils-frameworks.sh\"\n";
			showEnvVarsInLog = 0;
		};
		CC36F812D071FCC48674276C /* [CP] Check Pods Manifest.lock */ = {
			isa = PBXShellScriptBuildPhase;
			buildActionMask = 2147483647;
			files = (
			);
			inputPaths = (
			);
			name = "[CP] Check Pods Manifest.lock";
			outputPaths = (
			);
			runOnlyForDeploymentPostprocessing = 0;
			shellPath = /bin/sh;
			shellScript = "diff \"${PODS_ROOT}/../Podfile.lock\" \"${PODS_ROOT}/Manifest.lock\" > /dev/null\nif [ $? != 0 ] ; then\n    # print error to STDERR\n    echo \"error: The sandbox is not in sync with the Podfile.lock. Run 'pod install' or update your CocoaPods installation.\" >&2\n    exit 1\nfi\n";
			showEnvVarsInLog = 0;
		};
/* End PBXShellScriptBuildPhase section */

/* Begin PBXSourcesBuildPhase section */
		65A1271E1E778F880097082F /* Sources */ = {
			isa = PBXSourcesBuildPhase;
			buildActionMask = 2147483647;
			files = (
				3E56F35D1E7BB9B700694949 /* USearchWiFiViewController.m in Sources */,
				3EDC40641E822C4E001700CA /* Utils.m in Sources */,
				3EDC40171E7F75E6001700CA /* UWiFiPwdViewController.m in Sources */,
				3EDC401D1E7FA7D6001700CA /* URouter.m in Sources */,
				65AAE4B01E791EC200C019CA /* UBus.m in Sources */,
				3E56F35C1E7BB9B700694949 /* UHomeViewController.m in Sources */,
				65A1272A1E778F880097082F /* AppDelegate.m in Sources */,
				65A127271E778F880097082F /* main.m in Sources */,
				3EDC405D1E821F37001700CA /* UWiFiSearchResultCell.m in Sources */,
				3EDC401A1E7FA648001700CA /* URouterConfig.m in Sources */,
				3EDC40141E7F74F1001700CA /* UBaseViewController.m in Sources */,
			);
			runOnlyForDeploymentPostprocessing = 0;
		};
		65A127371E778F890097082F /* Sources */ = {
			isa = PBXSourcesBuildPhase;
			buildActionMask = 2147483647;
			files = (
				65A127401E778F890097082F /* OpenwrtUtilsTests.m in Sources */,
			);
			runOnlyForDeploymentPostprocessing = 0;
		};
/* End PBXSourcesBuildPhase section */

/* Begin PBXTargetDependency section */
		65A1273D1E778F890097082F /* PBXTargetDependency */ = {
			isa = PBXTargetDependency;
			target = 65A127211E778F880097082F /* OpenwrtUtils */;
			targetProxy = 65A1273C1E778F890097082F /* PBXContainerItemProxy */;
		};
/* End PBXTargetDependency section */

/* Begin PBXVariantGroup section */
		65A127331E778F880097082F /* LaunchScreen.storyboard */ = {
			isa = PBXVariantGroup;
			children = (
				65A127341E778F880097082F /* Base */,
			);
			name = LaunchScreen.storyboard;
			sourceTree = "<group>";
		};
/* End PBXVariantGroup section */

/* Begin XCBuildConfiguration section */
		65A127421E778F890097082F /* Debug */ = {
			isa = XCBuildConfiguration;
			buildSettings = {
				ALWAYS_SEARCH_USER_PATHS = NO;
				CLANG_ANALYZER_NONNULL = YES;
				CLANG_CXX_LANGUAGE_STANDARD = "gnu++0x";
				CLANG_CXX_LIBRARY = "libc++";
				CLANG_ENABLE_MODULES = YES;
				CLANG_ENABLE_OBJC_ARC = YES;
				CLANG_WARN_BOOL_CONVERSION = YES;
				CLANG_WARN_CONSTANT_CONVERSION = YES;
				CLANG_WARN_DIRECT_OBJC_ISA_USAGE = YES_ERROR;
				CLANG_WARN_DOCUMENTATION_COMMENTS = YES;
				CLANG_WARN_EMPTY_BODY = YES;
				CLANG_WARN_ENUM_CONVERSION = YES;
				CLANG_WARN_INFINITE_RECURSION = YES;
				CLANG_WARN_INT_CONVERSION = YES;
				CLANG_WARN_OBJC_ROOT_CLASS = YES_ERROR;
				CLANG_WARN_SUSPICIOUS_MOVE = YES;
				CLANG_WARN_UNREACHABLE_CODE = YES;
				CLANG_WARN__DUPLICATE_METHOD_MATCH = YES;
				"CODE_SIGN_IDENTITY[sdk=iphoneos*]" = "iPhone Developer";
				COPY_PHASE_STRIP = NO;
				DEBUG_INFORMATION_FORMAT = dwarf;
				ENABLE_STRICT_OBJC_MSGSEND = YES;
				ENABLE_TESTABILITY = YES;
				GCC_C_LANGUAGE_STANDARD = gnu99;
				GCC_DYNAMIC_NO_PIC = NO;
				GCC_NO_COMMON_BLOCKS = YES;
				GCC_OPTIMIZATION_LEVEL = 0;
				GCC_PREPROCESSOR_DEFINITIONS = (
					"DEBUG=1",
					"$(inherited)",
				);
				GCC_WARN_64_TO_32_BIT_CONVERSION = YES;
				GCC_WARN_ABOUT_RETURN_TYPE = YES_ERROR;
				GCC_WARN_UNDECLARED_SELECTOR = YES;
				GCC_WARN_UNINITIALIZED_AUTOS = YES_AGGRESSIVE;
				GCC_WARN_UNUSED_FUNCTION = YES;
				GCC_WARN_UNUSED_VARIABLE = YES;
				IPHONEOS_DEPLOYMENT_TARGET = 10.2;
				MTL_ENABLE_DEBUG_INFO = YES;
				ONLY_ACTIVE_ARCH = YES;
				SDKROOT = iphoneos;
				TARGETED_DEVICE_FAMILY = "1,2";
			};
			name = Debug;
		};
		65A127431E778F890097082F /* Release */ = {
			isa = XCBuildConfiguration;
			buildSettings = {
				ALWAYS_SEARCH_USER_PATHS = NO;
				CLANG_ANALYZER_NONNULL = YES;
				CLANG_CXX_LANGUAGE_STANDARD = "gnu++0x";
				CLANG_CXX_LIBRARY = "libc++";
				CLANG_ENABLE_MODULES = YES;
				CLANG_ENABLE_OBJC_ARC = YES;
				CLANG_WARN_BOOL_CONVERSION = YES;
				CLANG_WARN_CONSTANT_CONVERSION = YES;
				CLANG_WARN_DIRECT_OBJC_ISA_USAGE = YES_ERROR;
				CLANG_WARN_DOCUMENTATION_COMMENTS = YES;
				CLANG_WARN_EMPTY_BODY = YES;
				CLANG_WARN_ENUM_CONVERSION = YES;
				CLANG_WARN_INFINITE_RECURSION = YES;
				CLANG_WARN_INT_CONVERSION = YES;
				CLANG_WARN_OBJC_ROOT_CLASS = YES_ERROR;
				CLANG_WARN_SUSPICIOUS_MOVE = YES;
				CLANG_WARN_UNREACHABLE_CODE = YES;
				CLANG_WARN__DUPLICATE_METHOD_MATCH = YES;
				"CODE_SIGN_IDENTITY[sdk=iphoneos*]" = "iPhone Developer";
				COPY_PHASE_STRIP = NO;
				DEBUG_INFORMATION_FORMAT = "dwarf-with-dsym";
				ENABLE_NS_ASSERTIONS = NO;
				ENABLE_STRICT_OBJC_MSGSEND = YES;
				GCC_C_LANGUAGE_STANDARD = gnu99;
				GCC_NO_COMMON_BLOCKS = YES;
				GCC_WARN_64_TO_32_BIT_CONVERSION = YES;
				GCC_WARN_ABOUT_RETURN_TYPE = YES_ERROR;
				GCC_WARN_UNDECLARED_SELECTOR = YES;
				GCC_WARN_UNINITIALIZED_AUTOS = YES_AGGRESSIVE;
				GCC_WARN_UNUSED_FUNCTION = YES;
				GCC_WARN_UNUSED_VARIABLE = YES;
				IPHONEOS_DEPLOYMENT_TARGET = 10.2;
				MTL_ENABLE_DEBUG_INFO = NO;
				SDKROOT = iphoneos;
				TARGETED_DEVICE_FAMILY = "1,2";
				VALIDATE_PRODUCT = YES;
			};
			name = Release;
		};
		65A127451E778F890097082F /* Debug */ = {
			isa = XCBuildConfiguration;
			baseConfigurationReference = 03AF1138173C4FB82EA085FD /* Pods-OpenwrtUtils.debug.xcconfig */;
			buildSettings = {
				ASSETCATALOG_COMPILER_APPICON_NAME = AppIcon;
				DEVELOPMENT_TEAM = FQZ2R3UT9T;
				GCC_PREFIX_HEADER = "$(SRCROOT)/OpenwrtUtils/OpenwrtUtilsPrefixHeader.pch";
				INFOPLIST_FILE = OpenwrtUtils/Info.plist;
				IPHONEOS_DEPLOYMENT_TARGET = 8.0;
				LD_RUNPATH_SEARCH_PATHS = "$(inherited) @executable_path/Frameworks";
				LIBRARY_SEARCH_PATHS = (
					"$(inherited)",
					"$(PROJECT_DIR)/build/Debug-iphoneos/AFNetworking",
				);
				PRODUCT_BUNDLE_IDENTIFIER = www.moredodo.com.MoreDoDo.OpenwrtUtils;
				PRODUCT_NAME = "$(TARGET_NAME)";
				TARGETED_DEVICE_FAMILY = 1;
			};
			name = Debug;
		};
		65A127461E778F890097082F /* Release */ = {
			isa = XCBuildConfiguration;
			baseConfigurationReference = 21AC1C9BD45D423C6F4B4763 /* Pods-OpenwrtUtils.release.xcconfig */;
			buildSettings = {
				ASSETCATALOG_COMPILER_APPICON_NAME = AppIcon;
				DEVELOPMENT_TEAM = FQZ2R3UT9T;
				GCC_PREFIX_HEADER = "$(SRCROOT)/OpenwrtUtils/OpenwrtUtilsPrefixHeader.pch";
				INFOPLIST_FILE = OpenwrtUtils/Info.plist;
				IPHONEOS_DEPLOYMENT_TARGET = 8.0;
				LD_RUNPATH_SEARCH_PATHS = "$(inherited) @executable_path/Frameworks";
				LIBRARY_SEARCH_PATHS = (
					"$(inherited)",
					"$(PROJECT_DIR)/build/Debug-iphoneos/AFNetworking",
				);
				PRODUCT_BUNDLE_IDENTIFIER = www.moredodo.com.MoreDoDo.OpenwrtUtils;
				PRODUCT_NAME = "$(TARGET_NAME)";
				TARGETED_DEVICE_FAMILY = 1;
			};
			name = Release;
		};
		65A127481E778F890097082F /* Debug */ = {
			isa = XCBuildConfiguration;
			buildSettings = {
				BUNDLE_LOADER = "$(TEST_HOST)";
				DEVELOPMENT_TEAM = FQZ2R3UT9T;
				INFOPLIST_FILE = OpenwrtUtilsTests/Info.plist;
				LD_RUNPATH_SEARCH_PATHS = "$(inherited) @executable_path/Frameworks @loader_path/Frameworks";
				PRODUCT_BUNDLE_IDENTIFIER = www.moredodo.com.MoreDoDo.OpenwrtUtilsTests;
				PRODUCT_NAME = "$(TARGET_NAME)";
				TEST_HOST = "$(BUILT_PRODUCTS_DIR)/OpenwrtUtils.app/OpenwrtUtils";
			};
			name = Debug;
		};
		65A127491E778F890097082F /* Release */ = {
			isa = XCBuildConfiguration;
			buildSettings = {
				BUNDLE_LOADER = "$(TEST_HOST)";
				DEVELOPMENT_TEAM = FQZ2R3UT9T;
				INFOPLIST_FILE = OpenwrtUtilsTests/Info.plist;
				LD_RUNPATH_SEARCH_PATHS = "$(inherited) @executable_path/Frameworks @loader_path/Frameworks";
				PRODUCT_BUNDLE_IDENTIFIER = www.moredodo.com.MoreDoDo.OpenwrtUtilsTests;
				PRODUCT_NAME = "$(TARGET_NAME)";
				TEST_HOST = "$(BUILT_PRODUCTS_DIR)/OpenwrtUtils.app/OpenwrtUtils";
			};
			name = Release;
		};
/* End XCBuildConfiguration section */

/* Begin XCConfigurationList section */
		65A1271D1E778F880097082F /* Build configuration list for PBXProject "OpenwrtUtils" */ = {
			isa = XCConfigurationList;
			buildConfigurations = (
				65A127421E778F890097082F /* Debug */,
				65A127431E778F890097082F /* Release */,
			);
			defaultConfigurationIsVisible = 0;
			defaultConfigurationName = Release;
		};
		65A127441E778F890097082F /* Build configuration list for PBXNativeTarget "OpenwrtUtils" */ = {
			isa = XCConfigurationList;
			buildConfigurations = (
				65A127451E778F890097082F /* Debug */,
				65A127461E778F890097082F /* Release */,
			);
			defaultConfigurationIsVisible = 0;
			defaultConfigurationName = Release;
		};
		65A127471E778F890097082F /* Build configuration list for PBXNativeTarget "OpenwrtUtilsTests" */ = {
			isa = XCConfigurationList;
			buildConfigurations = (
				65A127481E778F890097082F /* Debug */,
				65A127491E778F890097082F /* Release */,
			);
			defaultConfigurationIsVisible = 0;
			defaultConfigurationName = Release;
		};
/* End XCConfigurationList section */
	};
	rootObject = 65A1271A1E778F880097082F /* Project object */;
}
